
Microsoft Visual Studio Solution File, Format Version 12.00
# Visual Studio 2013
VisualStudioVersion = 12.0.21005.1
MinimumVisualStudioVersion = 10.0.40219.1
Project("{FAE04EC0-301F-11D3-BF4B-00C04F79EFBC}") = "STS", "STS\STS.csproj", "{03061E44-D61D-408D-B7C5-8959E60BA303}"
EndProject
Project("{FAE04EC0-301F-11D3-BF4B-00C04F79EFBC}") = "WebApi", "WebApi\WebApi.csproj", "{33D4FCF4-BFDB-4DFA-B431-2DD45B4CFF09}"
EndProject
Project("{FAE04EC0-301F-11D3-BF4B-00C04F79EFBC}") = "jwtApp", "jwtApp\jwtApp.csproj", "{2D8446F9-41F0-4B33-86F0-14C7C1ADB1F7}"
EndProject
Project("{FAE04EC0-301F-11D3-BF4B-00C04F79EFBC}") = "jwtComponent", "jwtComponent\jwtComponent.csproj", "{DD4FB63D-C94F-4E69-9752-CA84341A2750}"
EndProject
Global
	GlobalSection(SolutionConfigurationPlatforms) = preSolution
		Debug|Any CPU = Debug|Any CPU
		Release|Any CPU = Release|Any CPU
	EndGlobalSection
	GlobalSection(ProjectConfigurationPlatforms) = postSolution
		{03061E44-D61D-408D-B7C5-8959E60BA303}.Debug|Any CPU.ActiveCfg = Debug|Any CPU
		{03061E44-D61D-408D-B7C5-8959E60BA303}.Debug|Any CPU.Build.0 = Debug|Any CPU
		{03061E44-D61D-408D-B7C5-8959E60BA303}.Release|Any CPU.ActiveCfg = Release|Any CPU
		{03061E44-D61D-408D-B7C5-8959E60BA303}.Release|Any CPU.Build.0 = Release|Any CPU
		{33D4FCF4-BFDB-4DFA-B431-2DD45B4CFF09}.Debug|Any CPU.ActiveCfg = Debug|Any CPU
		{33D4FCF4-BFDB-4DFA-B431-2DD45B4CFF09}.Debug|Any CPU.Build.0 = Debug|Any CPU
		{33D4FCF4-BFDB-4DFA-B431-2DD45B4CFF09}.Release|Any CPU.ActiveCfg = Release|Any CPU
		{33D4FCF4-BFDB-4DFA-B431-2DD45B4CFF09}.Release|Any CPU.Build.0 = Release|Any CPU
		{2D8446F9-41F0-4B33-86F0-14C7C1ADB1F7}.Debug|Any CPU.ActiveCfg = Debug|Any CPU
		{2D8446F9-41F0-4B33-86F0-14C7C1ADB1F7}.Debug|Any CPU.Build.0 = Debug|Any CPU
		{2D8446F9-41F0-4B33-86F0-14C7C1ADB1F7}.Release|Any CPU.ActiveCfg = Release|Any CPU
		{2D8446F9-41F0-4B33-86F0-14C7C1ADB1F7}.Release|Any CPU.Build.0 = Release|Any CPU
		{DD4FB63D-C94F-4E69-9752-CA84341A2750}.Debug|Any CPU.ActiveCfg = Debug|Any CPU
		{DD4FB63D-C94F-4E69-9752-CA84341A2750}.Debug|Any CPU.Build.0 = Debug|Any CPU
		{DD4FB63D-C94F-4E69-9752-CA84341A2750}.Release|Any CPU.ActiveCfg = Release|Any CPU
		{DD4FB63D-C94F-4E69-9752-CA84341A2750}.Release|Any CPU.Build.0 = Release|Any CPU
	EndGlobalSection
	GlobalSection(SolutionProperties) = preSolution
		HideSolutionNode = FALSE
	EndGlobalSection
EndGlobal
